
Microsoft Visual Studio Solution File, Format Version 12.00
# Visual Studio Version 16
VisualStudioVersion = 16.0.29709.97
MinimumVisualStudioVersion = 10.0.40219.1
Project("{FAE04EC0-301F-11D3-BF4B-00C04F79EFBC}") = "Vokabeltrainer", "Vokabeltrainer\Vokabeltrainer.csproj", "{C44A9D23-751E-4E8A-A3EF-D9AD78A2F012}"
EndProject
Global
	GlobalSection(SolutionConfigurationPlatforms) = preSolution
		Debug|Any CPU = Debug|Any CPU
		Release|Any CPU = Release|Any CPU
	EndGlobalSection
	GlobalSection(ProjectConfigurationPlatforms) = postSolution
		{C44A9D23-751E-4E8A-A3EF-D9AD78A2F012}.Debug|Any CPU.ActiveCfg = Debug|Any CPU
		{C44A9D23-751E-4E8A-A3EF-D9AD78A2F012}.Debug|Any CPU.Build.0 = Debug|Any CPU
		{C44A9D23-751E-4E8A-A3EF-D9AD78A2F012}.Release|Any CPU.ActiveCfg = Release|Any CPU
		{C44A9D23-751E-4E8A-A3EF-D9AD78A2F012}.Release|Any CPU.Build.0 = Release|Any CPU
	EndGlobalSection
	GlobalSection(SolutionProperties) = preSolution
		HideSolutionNode = FALSE
	EndGlobalSection
	GlobalSection(ExtensibilityGlobals) = postSolution
		SolutionGuid = {9E18263D-F111-4961-AAF3-04C91434AA15}
	EndGlobalSection
EndGlobal
